Microsoft Visual Studio Solution File, Format Version 11.00
# Visual Studio 2008

Project("{E59E32A3-1A6C-937F-2ED2-C5939C7ABDE1}") = "SideScollerPlatformer", "Assembly-CSharp.csproj", "{2A2DB5C0-8A39-5A70-D02A-DD818ED143E2}"
EndProject
Project("{E59E32A3-1A6C-937F-2ED2-C5939C7ABDE1}") = "SideScollerPlatformer", "Assembly-CSharp-Editor.csproj", "{6D41CC93-E83D-17E6-5719-83386B10200A}"
EndProject
Global
	GlobalSection(SolutionConfigurationPlatforms) = preSolution
		Debug|Any CPU = Debug|Any CPU
		Release|Any CPU = Release|Any CPU
	EndGlobalSection
	GlobalSection(ProjectConfigurationPlatforms) = postSolution
		{2A2DB5C0-8A39-5A70-D02A-DD818ED143E2}.Debug|Any CPU.ActiveCfg = Debug|Any CPU
		{2A2DB5C0-8A39-5A70-D02A-DD818ED143E2}.Debug|Any CPU.Build.0 = Debug|Any CPU
		{2A2DB5C0-8A39-5A70-D02A-DD818ED143E2}.Release|Any CPU.ActiveCfg = Release|Any CPU
		{2A2DB5C0-8A39-5A70-D02A-DD818ED143E2}.Release|Any CPU.Build.0 = Release|Any CPU
		{6D41CC93-E83D-17E6-5719-83386B10200A}.Debug|Any CPU.ActiveCfg = Debug|Any CPU
		{6D41CC93-E83D-17E6-5719-83386B10200A}.Debug|Any CPU.Build.0 = Debug|Any CPU
		{6D41CC93-E83D-17E6-5719-83386B10200A}.Release|Any CPU.ActiveCfg = Release|Any CPU
		{6D41CC93-E83D-17E6-5719-83386B10200A}.Release|Any CPU.Build.0 = Release|Any CPU
	EndGlobalSection
	GlobalSection(SolutionProperties) = preSolution
		HideSolutionNode = FALSE
	EndGlobalSection
	GlobalSection(MonoDevelopProperties) = preSolution
		StartupItem = Assembly-CSharp.csproj
	EndGlobalSection
EndGlobal
